
Microsoft Visual Studio Solution File, Format Version 12.00
# Visual Studio Version 16
VisualStudioVersion = 16.0.31624.102
MinimumVisualStudioVersion = 10.0.40219.1
Project("{8BC9CEB8-8B4A-11D0-8D11-00A0C91BC942}") = "期中样题2", "期中样题2\期中样题2.vcxproj", "{FFF6BC2D-6D9F-4E71-9EBE-A2E300CA86CE}"
EndProject
Global
	GlobalSection(SolutionConfigurationPlatforms) = preSolution
		Debug|x64 = Debug|x64
		Debug|x86 = Debug|x86
		Release|x64 = Release|x64
		Release|x86 = Release|x86
	EndGlobalSection
	GlobalSection(ProjectConfigurationPlatforms) = postSolution
		{FFF6BC2D-6D9F-4E71-9EBE-A2E300CA86CE}.Debug|x64.ActiveCfg = Debug|x64
		{FFF6BC2D-6D9F-4E71-9EBE-A2E300CA86CE}.Debug|x64.Build.0 = Debug|x64
		{FFF6BC2D-6D9F-4E71-9EBE-A2E300CA86CE}.Debug|x86.ActiveCfg = Debug|Win32
		{FFF6BC2D-6D9F-4E71-9EBE-A2E300CA86CE}.Debug|x86.Build.0 = Debug|Win32
		{FFF6BC2D-6D9F-4E71-9EBE-A2E300CA86CE}.Release|x64.ActiveCfg = Release|x64
		{FFF6BC2D-6D9F-4E71-9EBE-A2E300CA86CE}.Release|x64.Build.0 = Release|x64
		{FFF6BC2D-6D9F-4E71-9EBE-A2E300CA86CE}.Release|x86.ActiveCfg = Release|Win32
		{FFF6BC2D-6D9F-4E71-9EBE-A2E300CA86CE}.Release|x86.Build.0 = Release|Win32
	EndGlobalSection
	GlobalSection(SolutionProperties) = preSolution
		HideSolutionNode = FALSE
	EndGlobalSection
	GlobalSection(ExtensibilityGlobals) = postSolution
		SolutionGuid = {5B007EF6-33FD-440C-BF42-52D5E7B8F8B5}
	EndGlobalSection
EndGlobal
