
Microsoft Visual Studio Solution File, Format Version 12.00
# Visual Studio Version 16
VisualStudioVersion = 16.0.31624.102
MinimumVisualStudioVersion = 10.0.40219.1
Project("{8BC9CEB8-8B4A-11D0-8D11-00A0C91BC942}") = "2021013445_50_02", "2021013445_50_02\2021013445_50_02.vcxproj", "{DB9C62AF-507A-415B-A0F5-7DFBC556BF82}"
EndProject
Global
	GlobalSection(SolutionConfigurationPlatforms) = preSolution
		Debug|x64 = Debug|x64
		Debug|x86 = Debug|x86
		Release|x64 = Release|x64
		Release|x86 = Release|x86
	EndGlobalSection
	GlobalSection(ProjectConfigurationPlatforms) = postSolution
		{DB9C62AF-507A-415B-A0F5-7DFBC556BF82}.Debug|x64.ActiveCfg = Debug|x64
		{DB9C62AF-507A-415B-A0F5-7DFBC556BF82}.Debug|x64.Build.0 = Debug|x64
		{DB9C62AF-507A-415B-A0F5-7DFBC556BF82}.Debug|x86.ActiveCfg = Debug|Win32
		{DB9C62AF-507A-415B-A0F5-7DFBC556BF82}.Debug|x86.Build.0 = Debug|Win32
		{DB9C62AF-507A-415B-A0F5-7DFBC556BF82}.Release|x64.ActiveCfg = Release|x64
		{DB9C62AF-507A-415B-A0F5-7DFBC556BF82}.Release|x64.Build.0 = Release|x64
		{DB9C62AF-507A-415B-A0F5-7DFBC556BF82}.Release|x86.ActiveCfg = Release|Win32
		{DB9C62AF-507A-415B-A0F5-7DFBC556BF82}.Release|x86.Build.0 = Release|Win32
	EndGlobalSection
	GlobalSection(SolutionProperties) = preSolution
		HideSolutionNode = FALSE
	EndGlobalSection
	GlobalSection(ExtensibilityGlobals) = postSolution
		SolutionGuid = {FAF91437-D017-4C6C-8935-F8F8BC8D2014}
	EndGlobalSection
EndGlobal
