
Microsoft Visual Studio Solution File, Format Version 12.00
# Visual Studio Version 16
VisualStudioVersion = 16.0.31624.102
MinimumVisualStudioVersion = 10.0.40219.1
Project("{8BC9CEB8-8B4A-11D0-8D11-00A0C91BC942}") = "2021013445_06_02", "2021013445_06_02\2021013445_06_02.vcxproj", "{F6CFA99A-A2CF-4805-8666-3C14CFBA7FBC}"
EndProject
Global
	GlobalSection(SolutionConfigurationPlatforms) = preSolution
		Debug|x64 = Debug|x64
		Debug|x86 = Debug|x86
		Release|x64 = Release|x64
		Release|x86 = Release|x86
	EndGlobalSection
	GlobalSection(ProjectConfigurationPlatforms) = postSolution
		{F6CFA99A-A2CF-4805-8666-3C14CFBA7FBC}.Debug|x64.ActiveCfg = Debug|x64
		{F6CFA99A-A2CF-4805-8666-3C14CFBA7FBC}.Debug|x64.Build.0 = Debug|x64
		{F6CFA99A-A2CF-4805-8666-3C14CFBA7FBC}.Debug|x86.ActiveCfg = Debug|Win32
		{F6CFA99A-A2CF-4805-8666-3C14CFBA7FBC}.Debug|x86.Build.0 = Debug|Win32
		{F6CFA99A-A2CF-4805-8666-3C14CFBA7FBC}.Release|x64.ActiveCfg = Release|x64
		{F6CFA99A-A2CF-4805-8666-3C14CFBA7FBC}.Release|x64.Build.0 = Release|x64
		{F6CFA99A-A2CF-4805-8666-3C14CFBA7FBC}.Release|x86.ActiveCfg = Release|Win32
		{F6CFA99A-A2CF-4805-8666-3C14CFBA7FBC}.Release|x86.Build.0 = Release|Win32
	EndGlobalSection
	GlobalSection(SolutionProperties) = preSolution
		HideSolutionNode = FALSE
	EndGlobalSection
	GlobalSection(ExtensibilityGlobals) = postSolution
		SolutionGuid = {A8E7831D-3265-42E0-9880-19E5D7AD93B9}
	EndGlobalSection
EndGlobal
