
Microsoft Visual Studio Solution File, Format Version 12.00
# Visual Studio Version 16
VisualStudioVersion = 16.0.31624.102
MinimumVisualStudioVersion = 10.0.40219.1
Project("{8BC9CEB8-8B4A-11D0-8D11-00A0C91BC942}") = "2021013445_03_02", "2021013445_03_02\2021013445_03_02.vcxproj", "{1C470107-75D4-4154-9242-BCAAB6CBB85C}"
EndProject
Global
	GlobalSection(SolutionConfigurationPlatforms) = preSolution
		Debug|x64 = Debug|x64
		Debug|x86 = Debug|x86
		Release|x64 = Release|x64
		Release|x86 = Release|x86
	EndGlobalSection
	GlobalSection(ProjectConfigurationPlatforms) = postSolution
		{1C470107-75D4-4154-9242-BCAAB6CBB85C}.Debug|x64.ActiveCfg = Debug|x64
		{1C470107-75D4-4154-9242-BCAAB6CBB85C}.Debug|x64.Build.0 = Debug|x64
		{1C470107-75D4-4154-9242-BCAAB6CBB85C}.Debug|x86.ActiveCfg = Debug|Win32
		{1C470107-75D4-4154-9242-BCAAB6CBB85C}.Debug|x86.Build.0 = Debug|Win32
		{1C470107-75D4-4154-9242-BCAAB6CBB85C}.Release|x64.ActiveCfg = Release|x64
		{1C470107-75D4-4154-9242-BCAAB6CBB85C}.Release|x64.Build.0 = Release|x64
		{1C470107-75D4-4154-9242-BCAAB6CBB85C}.Release|x86.ActiveCfg = Release|Win32
		{1C470107-75D4-4154-9242-BCAAB6CBB85C}.Release|x86.Build.0 = Release|Win32
	EndGlobalSection
	GlobalSection(SolutionProperties) = preSolution
		HideSolutionNode = FALSE
	EndGlobalSection
	GlobalSection(ExtensibilityGlobals) = postSolution
		SolutionGuid = {C5273B91-917C-4723-8150-749ED51FF524}
	EndGlobalSection
EndGlobal
