
Microsoft Visual Studio Solution File, Format Version 12.00
# Visual Studio Version 16
VisualStudioVersion = 16.0.31624.102
MinimumVisualStudioVersion = 10.0.40219.1
Project("{8BC9CEB8-8B4A-11D0-8D11-00A0C91BC942}") = "期末2", "期末2\期末2.vcxproj", "{D8218D91-E586-4F82-BC98-13214D5F8C28}"
EndProject
Global
	GlobalSection(SolutionConfigurationPlatforms) = preSolution
		Debug|x64 = Debug|x64
		Debug|x86 = Debug|x86
		Release|x64 = Release|x64
		Release|x86 = Release|x86
	EndGlobalSection
	GlobalSection(ProjectConfigurationPlatforms) = postSolution
		{D8218D91-E586-4F82-BC98-13214D5F8C28}.Debug|x64.ActiveCfg = Debug|x64
		{D8218D91-E586-4F82-BC98-13214D5F8C28}.Debug|x64.Build.0 = Debug|x64
		{D8218D91-E586-4F82-BC98-13214D5F8C28}.Debug|x86.ActiveCfg = Debug|Win32
		{D8218D91-E586-4F82-BC98-13214D5F8C28}.Debug|x86.Build.0 = Debug|Win32
		{D8218D91-E586-4F82-BC98-13214D5F8C28}.Release|x64.ActiveCfg = Release|x64
		{D8218D91-E586-4F82-BC98-13214D5F8C28}.Release|x64.Build.0 = Release|x64
		{D8218D91-E586-4F82-BC98-13214D5F8C28}.Release|x86.ActiveCfg = Release|Win32
		{D8218D91-E586-4F82-BC98-13214D5F8C28}.Release|x86.Build.0 = Release|Win32
	EndGlobalSection
	GlobalSection(SolutionProperties) = preSolution
		HideSolutionNode = FALSE
	EndGlobalSection
	GlobalSection(ExtensibilityGlobals) = postSolution
		SolutionGuid = {DF64254C-063A-4F73-9290-D425B152A8DB}
	EndGlobalSection
EndGlobal
